<?xml version="1.0" encoding="utf-8"?>
<Project ToolsVersion="4.0" xmlns="http://schemas.microsoft.com/developer/msbuild/2003">
  <ItemGroup>
    <Filter Include="Source Files">
      <UniqueIdentifier>{4FC737F1-C7A5-4376-A066-2A32D752A2FF}</UniqueIdentifier>
      <Extensions>cpp;c;cc;cxx;def;odl;idl;hpj;bat;asm;asmx</Extensions>
    </Filter>
    <Filter Include="Header Files">
      <UniqueIdentifier>{93995380-89BD-4b04-88EB-625FBE52EBFB}</UniqueIdentifier>
      <Extensions>h;hh;hpp;hxx;hm;inl;inc;xsd</Extensions>
    </Filter>
    <Filter Include="Resource Files">
      <UniqueIdentifier>{67DA6AB6-F800-4c08-8B7A-83BB121AAD01}</UniqueIdentifier>
      <Extensions>rc;ico;cur;bmp;dlg;rc2;rct;bin;rgs;gif;jpg;jpeg;jpe;resx;tiff;tif;png;wav;mfcribbon-ms</Extensions>
    </Filter>
    <Filter Include="Files">
      <UniqueIdentifier>{22b0f75d-9f19-417c-90f8-307a292badd3}</UniqueIdentifier>
    </Filter>
    <Filter Include="Files\Header Files">
      <UniqueIdentifier>{c3dd5cfe-a9a4-49e4-a9db-316ba3593462}</UniqueIdentifier>
    </Filter>
    <Filter Include="Files\Source Files">
      <UniqueIdentifier>{eec040af-6fbf-4373-bc9d-c081ca0e68f1}</UniqueIdentifier>
    </Filter>
  </ItemGroup>
  <ItemGroup>
    <Text Include="ReadMe.txt" />
  </ItemGroup>
  <ItemGroup>
    <ClInclude Include="stdafx.h">
      <Filter>Header Files</Filter>
    </ClInclude>
    <ClInclude Include="targetver.h">
      <Filter>Header Files</Filter>
    </ClInclude>
    <ClInclude Include="..\Files\Character.h">
      <Filter>Files\Header Files</Filter>
    </ClInclude>
    <ClInclude Include="..\Files\Item.h">
      <Filter>Files\Header Files</Filter>
    </ClInclude>
    <ClInclude Include="..\Files\Inventory.h">
      <Filter>Files\Header Files</Filter>
    </ClInclude>
    <ClInclude Include="..\Files\Stats_Attributes.h">
      <Filter>Files\Header Files</Filter>
    </ClInclude>
    <ClInclude Include="..\Files\Effect.h">
      <Filter>Files\Header Files</Filter>
    </ClInclude>
    <ClInclude Include="..\Files\Piece.h">
      <Filter>Files\Header Files</Filter>
    </ClInclude>
  </ItemGroup>
  <ItemGroup>
    <ClCompile Include="stdafx.cpp">
      <Filter>Source Files</Filter>
    </ClCompile>
    <ClCompile Include="MAIN.cpp">
      <Filter>Source Files</Filter>
    </ClCompile>
    <ClCompile Include="..\Files\Character.cpp">
      <Filter>Files\Source Files</Filter>
    </ClCompile>
    <ClCompile Include="..\Files\Item.cpp">
      <Filter>Files\Source Files</Filter>
    </ClCompile>
    <ClCompile Include="..\Files\Inventory.cpp">
      <Filter>Files\Source Files</Filter>
    </ClCompile>
    <ClCompile Include="..\Files\Stats_Attributes.cpp">
      <Filter>Files\Source Files</Filter>
    </ClCompile>
    <ClCompile Include="..\Files\Effect.cpp">
      <Filter>Files\Source Files</Filter>
    </ClCompile>
    <ClCompile Include="..\Files\Piece.cpp">
      <Filter>Files\Source Files</Filter>
    </ClCompile>
  </ItemGroup>
</Project>